{
    "_meta": {
        "hash": {
            "sha256": "fd6c9742625312836940311f8199ae04b4c540ac9c5adbac68fb515a3341b206"
        },
        "pipfile-spec": 6,
        "requires": {
            "python_version": "3.9"
        },
        "sources": [
            {
                "name": "pypi",
                "url": "https://pypi.org/simple",
                "verify_ssl": true
            }
        ]
    },
    "default": {
        "graphviz": {
            "hashes": [
                "sha256:09ed0cde452d015fe77c4845a210eb642f28d245f5bc250d4b97808cb8f49078",
                "sha256:f34088c08be2ec16279dfa9c3b4ff3d1453c5c67597a33e2819b000e18d4c546"
            ],
            "index": "pypi",
            "version": "==0.19.1"
        },
        "six": {
            "hashes": [
                "sha256:1e61c37477a1626458e36f7b1d82aa5c9b094fa4802892072e49de9c60c4c926",
                "sha256:8abb2f1d86890a2dfb989f9a77cfcfd3e47c2a354b01111771326f8aa26e0254"
            ],
            "markers": "python_version >= '2.7' and python_version not in '3.0, 3.1, 3.2'",
            "version": "==1.16.0"
        },
        "zss": {
            "hashes": [
                "sha256:07bb937441929ccb82961f4f7b80fbce9e2b20d0e46ddcbcbc1fcb094f585b50"
            ],
            "index": "pypi",
            "version": "==1.2.0"
        }
    },
    "develop": {}
}
